
Microsoft Visual Studio Solution File, Format Version 12.00
# Visual Studio Version 16
VisualStudioVersion = 16.0.30611.23
MinimumVisualStudioVersion = 10.0.40219.1
Project("{FAE04EC0-301F-11D3-BF4B-00C04F79EFBC}") = "KlasaBZad-EM", "KlasaBZad-EM\KlasaBZad-EM.csproj", "{BA464FB4-FE24-4066-85FB-22FDB9653763}"
EndProject
Global
	GlobalSection(SolutionConfigurationPlatforms) = preSolution
		Debug|Any CPU = Debug|Any CPU
		Release|Any CPU = Release|Any CPU
	EndGlobalSection
	GlobalSection(ProjectConfigurationPlatforms) = postSolution
		{BA464FB4-FE24-4066-85FB-22FDB9653763}.Debug|Any CPU.ActiveCfg = Debug|Any CPU
		{BA464FB4-FE24-4066-85FB-22FDB9653763}.Debug|Any CPU.Build.0 = Debug|Any CPU
		{BA464FB4-FE24-4066-85FB-22FDB9653763}.Release|Any CPU.ActiveCfg = Release|Any CPU
		{BA464FB4-FE24-4066-85FB-22FDB9653763}.Release|Any CPU.Build.0 = Release|Any CPU
	EndGlobalSection
	GlobalSection(SolutionProperties) = preSolution
		HideSolutionNode = FALSE
	EndGlobalSection
	GlobalSection(ExtensibilityGlobals) = postSolution
		SolutionGuid = {BEDA25DC-664E-4F0C-862A-2CAE0F9C6B7C}
	EndGlobalSection
EndGlobal
